
Microsoft Visual Studio Solution File, Format Version 12.00
# Visual Studio Version 17
VisualStudioVersion = 17.5.33516.290
MinimumVisualStudioVersion = 10.0.40219.1
Project("{FAE04EC0-301F-11D3-BF4B-00C04F79EFBC}") = "ApiATM", "ApiATM\ApiATM.csproj", "{D5A5B0E6-AFDD-4A15-9B76-5A5F47F25E08}"
EndProject
Global
	GlobalSection(SolutionConfigurationPlatforms) = preSolution
		Debug|Any CPU = Debug|Any CPU
		Release|Any CPU = Release|Any CPU
	EndGlobalSection
	GlobalSection(ProjectConfigurationPlatforms) = postSolution
		{D5A5B0E6-AFDD-4A15-9B76-5A5F47F25E08}.Debug|Any CPU.ActiveCfg = Debug|Any CPU
		{D5A5B0E6-AFDD-4A15-9B76-5A5F47F25E08}.Debug|Any CPU.Build.0 = Debug|Any CPU
		{D5A5B0E6-AFDD-4A15-9B76-5A5F47F25E08}.Release|Any CPU.ActiveCfg = Release|Any CPU
		{D5A5B0E6-AFDD-4A15-9B76-5A5F47F25E08}.Release|Any CPU.Build.0 = Release|Any CPU
	EndGlobalSection
	GlobalSection(SolutionProperties) = preSolution
		HideSolutionNode = FALSE
	EndGlobalSection
	GlobalSection(ExtensibilityGlobals) = postSolution
		SolutionGuid = {039F314D-D812-46B4-9631-094784F25AC3}
	EndGlobalSection
EndGlobal
